
Microsoft Visual Studio Solution File, Format Version 11.00
# Visual Studio 2010
Project("{FAE04EC0-301F-11D3-BF4B-00C04F79EFBC}") = "Apokas", "Apokas\Apokas\Apokas.csproj", "{FFFCC57F-354A-4B44-805B-825F80F37FD6}"
EndProject
Project("{FAE04EC0-301F-11D3-BF4B-00C04F79EFBC}") = "ApokasContent", "Apokas\ApokasContent\ApokasContent.contentproj", "{1B4876E0-1582-48BD-8673-C4DB87DDE7EF}"
EndProject
Project("{2150E333-8FDC-42A3-9474-1A3956D46DE8}") = "Solution Items", "Solution Items", "{16C3A27F-BDF6-46A3-A1E2-D56AF7FFE4E0}"
EndProject
Global
	GlobalSection(SolutionConfigurationPlatforms) = preSolution
		Debug|x86 = Debug|x86
		Release|x86 = Release|x86
	EndGlobalSection
	GlobalSection(ProjectConfigurationPlatforms) = postSolution
		{FFFCC57F-354A-4B44-805B-825F80F37FD6}.Debug|x86.ActiveCfg = Debug|x86
		{FFFCC57F-354A-4B44-805B-825F80F37FD6}.Debug|x86.Build.0 = Debug|x86
		{FFFCC57F-354A-4B44-805B-825F80F37FD6}.Release|x86.ActiveCfg = Release|x86
		{FFFCC57F-354A-4B44-805B-825F80F37FD6}.Release|x86.Build.0 = Release|x86
		{1B4876E0-1582-48BD-8673-C4DB87DDE7EF}.Debug|x86.ActiveCfg = Debug|x86
		{1B4876E0-1582-48BD-8673-C4DB87DDE7EF}.Release|x86.ActiveCfg = Release|x86
	EndGlobalSection
	GlobalSection(SolutionProperties) = preSolution
		HideSolutionNode = FALSE
	EndGlobalSection
EndGlobal
